
Microsoft Visual Studio Solution File, Format Version 12.00
# Visual Studio 14
VisualStudioVersion = 14.0.25420.1
MinimumVisualStudioVersion = 10.0.40219.1
Project("{FAE04EC0-301F-11D3-BF4B-00C04F79EFBC}") = "StudentScoreManager", "StudentScoreManager\StudentScoreManager.csproj", "{B7C57E80-C94F-4A46-8BB8-720F95245D4E}"
EndProject
Project("{FAE04EC0-301F-11D3-BF4B-00C04F79EFBC}") = "StudentScoreManagerTests", "StudentScoreManagerTests\StudentScoreManagerTests.csproj", "{6D3C2549-D352-4213-9D2F-155972DBA04C}"
EndProject
Global
	GlobalSection(SolutionConfigurationPlatforms) = preSolution
		Debug|Any CPU = Debug|Any CPU
		Release|Any CPU = Release|Any CPU
	EndGlobalSection
	GlobalSection(ProjectConfigurationPlatforms) = postSolution
		{B7C57E80-C94F-4A46-8BB8-720F95245D4E}.Debug|Any CPU.ActiveCfg = Debug|Any CPU
		{B7C57E80-C94F-4A46-8BB8-720F95245D4E}.Debug|Any CPU.Build.0 = Debug|Any CPU
		{B7C57E80-C94F-4A46-8BB8-720F95245D4E}.Release|Any CPU.ActiveCfg = Release|Any CPU
		{B7C57E80-C94F-4A46-8BB8-720F95245D4E}.Release|Any CPU.Build.0 = Release|Any CPU
		{6D3C2549-D352-4213-9D2F-155972DBA04C}.Debug|Any CPU.ActiveCfg = Debug|Any CPU
		{6D3C2549-D352-4213-9D2F-155972DBA04C}.Debug|Any CPU.Build.0 = Debug|Any CPU
		{6D3C2549-D352-4213-9D2F-155972DBA04C}.Release|Any CPU.ActiveCfg = Release|Any CPU
		{6D3C2549-D352-4213-9D2F-155972DBA04C}.Release|Any CPU.Build.0 = Release|Any CPU
	EndGlobalSection
	GlobalSection(SolutionProperties) = preSolution
		HideSolutionNode = FALSE
	EndGlobalSection
EndGlobal
